// !$*UTF8*$!
{
	archiveVersion = 1;
	classes = {
	};
	objectVersion = 55;
	objects = {

/* Begin PBXBuildFile section */
		27E334BEF0287A14CD3C90E9 /* Pods_Shortcut_List.framework in Frameworks */ = {isa = PBXBuildFile; fileRef = EA4F716A93D352B1C3695837 /* Pods_Shortcut_List.framework */; };
		E112DC862858E235005D7930 /* ResourceManager.swift in Sources */ = {isa = PBXBuildFile; fileRef = E112DC852858E235005D7930 /* ResourceManager.swift */; };
		E112DC882858FB61005D7930 /* applicationinfomation.json in Resources */ = {isa = PBXBuildFile; fileRef = E112DC872858FB61005D7930 /* applicationinfomation.json */; };
		E124BA10286CB3D30090C27A /* RealmManager.swift in Sources */ = {isa = PBXBuildFile; fileRef = E124BA0F286CB3D30090C27A /* RealmManager.swift */; };
		E13D2471283BDFE90088E632 /* Shortcut_ListApp.swift in Sources */ = {isa = PBXBuildFile; fileRef = E13D2470283BDFE90088E632 /* Shortcut_ListApp.swift */; };
		E13D2473283BDFE90088E632 /* ContentView.swift in Sources */ = {isa = PBXBuildFile; fileRef = E13D2472283BDFE90088E632 /* ContentView.swift */; };
		E13D2475283BDFEA0088E632 /* Assets.xcassets in Resources */ = {isa = PBXBuildFile; fileRef = E13D2474283BDFEA0088E632 /* Assets.xcassets */; };
		E13D2478283BDFEA0088E632 /* Preview Assets.xcassets in Resources */ = {isa = PBXBuildFile; fileRef = E13D2477283BDFEA0088E632 /* Preview Assets.xcassets */; };
		E13D2483283BE1EA0088E632 /* MainView.swift in Sources */ = {isa = PBXBuildFile; fileRef = E13D2482283BE1EA0088E632 /* MainView.swift */; };
		E13D2485283BE2210088E632 /* MainViewModel.swift in Sources */ = {isa = PBXBuildFile; fileRef = E13D2484283BE2210088E632 /* MainViewModel.swift */; };
		E13D2487283BE2500088E632 /* ApplicationURL.swift in Sources */ = {isa = PBXBuildFile; fileRef = E13D2486283BE2500088E632 /* ApplicationURL.swift */; };
		E13D2489283BE2780088E632 /* Data.swift in Sources */ = {isa = PBXBuildFile; fileRef = E13D2488283BE2780088E632 /* Data.swift */; };
		E13D248B283BE29A0088E632 /* ShortcutList.swift in Sources */ = {isa = PBXBuildFile; fileRef = E13D248A283BE29A0088E632 /* ShortcutList.swift */; };
		E13D248D283BE5DA0088E632 /* MainViewRow.swift in Sources */ = {isa = PBXBuildFile; fileRef = E13D248C283BE5DA0088E632 /* MainViewRow.swift */; };
		E13D248F283BE5EF0088E632 /* SelectAppViewPresentedButton.swift in Sources */ = {isa = PBXBuildFile; fileRef = E13D248E283BE5EF0088E632 /* SelectAppViewPresentedButton.swift */; };
		E13D2491283C567C0088E632 /* CreateListView.swift in Sources */ = {isa = PBXBuildFile; fileRef = E13D2490283C567C0088E632 /* CreateListView.swift */; };
		E13D2493283C568D0088E632 /* CreateListViewModel.swift in Sources */ = {isa = PBXBuildFile; fileRef = E13D2492283C568D0088E632 /* CreateListViewModel.swift */; };
		E13D2495283D1A280088E632 /* CreateListViewRow.swift in Sources */ = {isa = PBXBuildFile; fileRef = E13D2494283D1A280088E632 /* CreateListViewRow.swift */; };
		E1433FF8283D47310007680B /* ListDetailView.swift in Sources */ = {isa = PBXBuildFile; fileRef = E1433FF7283D47310007680B /* ListDetailView.swift */; };
		E1433FFA283D473E0007680B /* ListDetailViewRow.swift in Sources */ = {isa = PBXBuildFile; fileRef = E1433FF9283D473E0007680B /* ListDetailViewRow.swift */; };
		E1433FFC283D47590007680B /* ListDetailViewModel.swift in Sources */ = {isa = PBXBuildFile; fileRef = E1433FFB283D47590007680B /* ListDetailViewModel.swift */; };
		E1434000283E898D0007680B /* SelectAppView.swift in Sources */ = {isa = PBXBuildFile; fileRef = E1433FFF283E898D0007680B /* SelectAppView.swift */; };
		E1434002283E89A30007680B /* SelectAppViewRow.swift in Sources */ = {isa = PBXBuildFile; fileRef = E1434001283E89A30007680B /* SelectAppViewRow.swift */; };
		E1434004283E89B70007680B /* SelectAppViewModel.swift in Sources */ = {isa = PBXBuildFile; fileRef = E1434003283E89B70007680B /* SelectAppViewModel.swift */; };
		E143400A283FD7200007680B /* Extension.swift in Sources */ = {isa = PBXBuildFile; fileRef = E1434009283FD7200007680B /* Extension.swift */; };
		E143400C283FDEB10007680B /* CreateListViewPresentedButton.swift in Sources */ = {isa = PBXBuildFile; fileRef = E143400B283FDEB10007680B /* CreateListViewPresentedButton.swift */; };
		E152D14A28885DB00043D6B8 /* Color.xcassets in Resources */ = {isa = PBXBuildFile; fileRef = E152D14928885DB00043D6B8 /* Color.xcassets */; };
		E152D14C28886A890043D6B8 /* CustomUnderLine.swift in Sources */ = {isa = PBXBuildFile; fileRef = E152D14B28886A890043D6B8 /* CustomUnderLine.swift */; };
		E152D14E2888BD190043D6B8 /* NeumorphicStyle.swift in Sources */ = {isa = PBXBuildFile; fileRef = E152D14D2888BD190043D6B8 /* NeumorphicStyle.swift */; };
		E1FBBD5B288FB44E00053659 /* AppRunErrorHelpView.swift in Sources */ = {isa = PBXBuildFile; fileRef = E1FBBD5A288FB44E00053659 /* AppRunErrorHelpView.swift */; };
		E1FBBD5D288FB46E00053659 /* CreateURLHelpView.swift in Sources */ = {isa = PBXBuildFile; fileRef = E1FBBD5C288FB46E00053659 /* CreateURLHelpView.swift */; };
		E1FBBD5F288FB47C00053659 /* CreateURLView.swift in Sources */ = {isa = PBXBuildFile; fileRef = E1FBBD5E288FB47C00053659 /* CreateURLView.swift */; };
		E1FBBD61288FB48700053659 /* HelpView.swift in Sources */ = {isa = PBXBuildFile; fileRef = E1FBBD60288FB48700053659 /* HelpView.swift */; };
		E1FBBD63288FB4A200053659 /* CreateURLViewModel.swift in Sources */ = {isa = PBXBuildFile; fileRef = E1FBBD62288FB4A200053659 /* CreateURLViewModel.swift */; };
		E1FBBD65288FB4BA00053659 /* Wrapper.swift in Sources */ = {isa = PBXBuildFile; fileRef = E1FBBD64288FB4BA00053659 /* Wrapper.swift */; };
		E1FBBD67288FB4F800053659 /* CustomButtonStyle.swift in Sources */ = {isa = PBXBuildFile; fileRef = E1FBBD66288FB4F800053659 /* CustomButtonStyle.swift */; };
/* End PBXBuildFile section */

/* Begin PBXFileReference section */
		1FF276C7B7E73C6C1DA1C74A /* Pods-Shortcut-List.debug.xcconfig */ = {isa = PBXFileReference; includeInIndex = 1; lastKnownFileType = text.xcconfig; name = "Pods-Shortcut-List.debug.xcconfig"; path = "Target Support Files/Pods-Shortcut-List/Pods-Shortcut-List.debug.xcconfig"; sourceTree = "<group>"; };
		4BA3B09ED7642882F9D7FEAC /* Pods-Shortcut-List.release.xcconfig */ = {isa = PBXFileReference; includeInIndex = 1; lastKnownFileType = text.xcconfig; name = "Pods-Shortcut-List.release.xcconfig"; path = "Target Support Files/Pods-Shortcut-List/Pods-Shortcut-List.release.xcconfig"; sourceTree = "<group>"; };
		E112DC852858E235005D7930 /* ResourceManager.swift */ = {isa = PBXFileReference; lastKnownFileType = sourcecode.swift; path = ResourceManager.swift; sourceTree = "<group>"; };
		E112DC872858FB61005D7930 /* applicationinfomation.json */ = {isa = PBXFileReference; fileEncoding = 4; lastKnownFileType = text.json; path = applicationinfomation.json; sourceTree = "<group>"; };
		E124BA0F286CB3D30090C27A /* RealmManager.swift */ = {isa = PBXFileReference; lastKnownFileType = sourcecode.swift; path = RealmManager.swift; sourceTree = "<group>"; };
		E13D246D283BDFE90088E632 /* Shortcut-List.app */ = {isa = PBXFileReference; explicitFileType = wrapper.application; includeInIndex = 0; path = "Shortcut-List.app"; sourceTree = BUILT_PRODUCTS_DIR; };
		E13D2470283BDFE90088E632 /* Shortcut_ListApp.swift */ = {isa = PBXFileReference; lastKnownFileType = sourcecode.swift; path = Shortcut_ListApp.swift; sourceTree = "<group>"; };
		E13D2472283BDFE90088E632 /* ContentView.swift */ = {isa = PBXFileReference; lastKnownFileType = sourcecode.swift; path = ContentView.swift; sourceTree = "<group>"; };
		E13D2474283BDFEA0088E632 /* Assets.xcassets */ = {isa = PBXFileReference; lastKnownFileType = folder.assetcatalog; path = Assets.xcassets; sourceTree = "<group>"; };
		E13D2477283BDFEA0088E632 /* Preview Assets.xcassets */ = {isa = PBXFileReference; lastKnownFileType = folder.assetcatalog; path = "Preview Assets.xcassets"; sourceTree = "<group>"; };
		E13D2482283BE1EA0088E632 /* MainView.swift */ = {isa = PBXFileReference; lastKnownFileType = sourcecode.swift; path = MainView.swift; sourceTree = "<group>"; };
		E13D2484283BE2210088E632 /* MainViewModel.swift */ = {isa = PBXFileReference; lastKnownFileType = sourcecode.swift; path = MainViewModel.swift; sourceTree = "<group>"; };
		E13D2486283BE2500088E632 /* ApplicationURL.swift */ = {isa = PBXFileReference; lastKnownFileType = sourcecode.swift; path = ApplicationURL.swift; sourceTree = "<group>"; };
		E13D2488283BE2780088E632 /* Data.swift */ = {isa = PBXFileReference; lastKnownFileType = sourcecode.swift; path = Data.swift; sourceTree = "<group>"; };
		E13D248A283BE29A0088E632 /* ShortcutList.swift */ = {isa = PBXFileReference; lastKnownFileType = sourcecode.swift; path = ShortcutList.swift; sourceTree = "<group>"; };
		E13D248C283BE5DA0088E632 /* MainViewRow.swift */ = {isa = PBXFileReference; lastKnownFileType = sourcecode.swift; path = MainViewRow.swift; sourceTree = "<group>"; };
		E13D248E283BE5EF0088E632 /* SelectAppViewPresentedButton.swift */ = {isa = PBXFileReference; lastKnownFileType = sourcecode.swift; path = SelectAppViewPresentedButton.swift; sourceTree = "<group>"; };
		E13D2490283C567C0088E632 /* CreateListView.swift */ = {isa = PBXFileReference; lastKnownFileType = sourcecode.swift; path = CreateListView.swift; sourceTree = "<group>"; };
		E13D2492283C568D0088E632 /* CreateListViewModel.swift */ = {isa = PBXFileReference; lastKnownFileType = sourcecode.swift; path = CreateListViewModel.swift; sourceTree = "<group>"; };
		E13D2494283D1A280088E632 /* CreateListViewRow.swift */ = {isa = PBXFileReference; lastKnownFileType = sourcecode.swift; path = CreateListViewRow.swift; sourceTree = "<group>"; };
		E1433FF7283D47310007680B /* ListDetailView.swift */ = {isa = PBXFileReference; lastKnownFileType = sourcecode.swift; path = ListDetailView.swift; sourceTree = "<group>"; };
		E1433FF9283D473E0007680B /* ListDetailViewRow.swift */ = {isa = PBXFileReference; lastKnownFileType = sourcecode.swift; path = ListDetailViewRow.swift; sourceTree = "<group>"; };
		E1433FFB283D47590007680B /* ListDetailViewModel.swift */ = {isa = PBXFileReference; lastKnownFileType = sourcecode.swift; path = ListDetailViewModel.swift; sourceTree = "<group>"; };
		E1433FFF283E898D0007680B /* SelectAppView.swift */ = {isa = PBXFileReference; lastKnownFileType = sourcecode.swift; path = SelectAppView.swift; sourceTree = "<group>"; };
		E1434001283E89A30007680B /* SelectAppViewRow.swift */ = {isa = PBXFileReference; lastKnownFileType = sourcecode.swift; path = SelectAppViewRow.swift; sourceTree = "<group>"; };
		E1434003283E89B70007680B /* SelectAppViewModel.swift */ = {isa = PBXFileReference; lastKnownFileType = sourcecode.swift; path = SelectAppViewModel.swift; sourceTree = "<group>"; };
		E1434009283FD7200007680B /* Extension.swift */ = {isa = PBXFileReference; lastKnownFileType = sourcecode.swift; path = Extension.swift; sourceTree = "<group>"; };
		E143400B283FDEB10007680B /* CreateListViewPresentedButton.swift */ = {isa = PBXFileReference; lastKnownFileType = sourcecode.swift; path = CreateListViewPresentedButton.swift; sourceTree = "<group>"; };
		E143400D284FA9810007680B /* Info.plist */ = {isa = PBXFileReference; lastKnownFileType = text.plist; path = Info.plist; sourceTree = "<group>"; };
		E152D14928885DB00043D6B8 /* Color.xcassets */ = {isa = PBXFileReference; lastKnownFileType = folder.assetcatalog; path = Color.xcassets; sourceTree = "<group>"; };
		E152D14B28886A890043D6B8 /* CustomUnderLine.swift */ = {isa = PBXFileReference; lastKnownFileType = sourcecode.swift; path = CustomUnderLine.swift; sourceTree = "<group>"; };
		E152D14D2888BD190043D6B8 /* NeumorphicStyle.swift */ = {isa = PBXFileReference; lastKnownFileType = sourcecode.swift; path = NeumorphicStyle.swift; sourceTree = "<group>"; };
		E1FBBD5A288FB44E00053659 /* AppRunErrorHelpView.swift */ = {isa = PBXFileReference; fileEncoding = 4; lastKnownFileType = sourcecode.swift; path = AppRunErrorHelpView.swift; sourceTree = "<group>"; };
		E1FBBD5C288FB46E00053659 /* CreateURLHelpView.swift */ = {isa = PBXFileReference; fileEncoding = 4; lastKnownFileType = sourcecode.swift; path = CreateURLHelpView.swift; sourceTree = "<group>"; };
		E1FBBD5E288FB47C00053659 /* CreateURLView.swift */ = {isa = PBXFileReference; fileEncoding = 4; lastKnownFileType = sourcecode.swift; path = CreateURLView.swift; sourceTree = "<group>"; };
		E1FBBD60288FB48700053659 /* HelpView.swift */ = {isa = PBXFileReference; fileEncoding = 4; lastKnownFileType = sourcecode.swift; path = HelpView.swift; sourceTree = "<group>"; };
		E1FBBD62288FB4A200053659 /* CreateURLViewModel.swift */ = {isa = PBXFileReference; fileEncoding = 4; lastKnownFileType = sourcecode.swift; path = CreateURLViewModel.swift; sourceTree = "<group>"; };
		E1FBBD64288FB4BA00053659 /* Wrapper.swift */ = {isa = PBXFileReference; fileEncoding = 4; lastKnownFileType = sourcecode.swift; path = Wrapper.swift; sourceTree = "<group>"; };
		E1FBBD66288FB4F800053659 /* CustomButtonStyle.swift */ = {isa = PBXFileReference; fileEncoding = 4; lastKnownFileType = sourcecode.swift; path = CustomButtonStyle.swift; sourceTree = "<group>"; };
		EA4F716A93D352B1C3695837 /* Pods_Shortcut_List.framework */ = {isa = PBXFileReference; explicitFileType = wrapper.framework; includeInIndex = 0; path = Pods_Shortcut_List.framework; sourceTree = BUILT_PRODUCTS_DIR; };
/* End PBXFileReference section */

/* Begin PBXFrameworksBuildPhase section */
		E13D246A283BDFE90088E632 /* Frameworks */ = {
			isa = PBXFrameworksBuildPhase;
			buildActionMask = 2147483647;
			files = (
				27E334BEF0287A14CD3C90E9 /* Pods_Shortcut_List.framework in Frameworks */,
			);
			runOnlyForDeploymentPostprocessing = 0;
		};
/* End PBXFrameworksBuildPhase section */

/* Begin PBXGroup section */
		36F004901DD56E4B76C933D3 /* Frameworks */ = {
			isa = PBXGroup;
			children = (
				EA4F716A93D352B1C3695837 /* Pods_Shortcut_List.framework */,
			);
			name = Frameworks;
			sourceTree = "<group>";
		};
		63A7D3CE119FBE0E15F3E5B5 /* Pods */ = {
			isa = PBXGroup;
			children = (
				1FF276C7B7E73C6C1DA1C74A /* Pods-Shortcut-List.debug.xcconfig */,
				4BA3B09ED7642882F9D7FEAC /* Pods-Shortcut-List.release.xcconfig */,
			);
			path = Pods;
			sourceTree = "<group>";
		};
		E112DC892858FC19005D7930 /* Resource */ = {
			isa = PBXGroup;
			children = (
				E112DC872858FB61005D7930 /* applicationinfomation.json */,
				E152D14B28886A890043D6B8 /* CustomUnderLine.swift */,
				E152D14D2888BD190043D6B8 /* NeumorphicStyle.swift */,
				E1FBBD66288FB4F800053659 /* CustomButtonStyle.swift */,
			);
			path = Resource;
			sourceTree = "<group>";
		};
		E13D2464283BDFE90088E632 = {
			isa = PBXGroup;
			children = (
				E13D246F283BDFE90088E632 /* Shortcut-List */,
				E13D246E283BDFE90088E632 /* Products */,
				63A7D3CE119FBE0E15F3E5B5 /* Pods */,
				36F004901DD56E4B76C933D3 /* Frameworks */,
			);
			sourceTree = "<group>";
		};
		E13D246E283BDFE90088E632 /* Products */ = {
			isa = PBXGroup;
			children = (
				E13D246D283BDFE90088E632 /* Shortcut-List.app */,
			);
			name = Products;
			sourceTree = "<group>";
		};
		E13D246F283BDFE90088E632 /* Shortcut-List */ = {
			isa = PBXGroup;
			children = (
				E143400D284FA9810007680B /* Info.plist */,
				E13D247E283BE14B0088E632 /* View */,
				E13D2480283BE15F0088E632 /* ViewModel */,
				E13D2481283BE1690088E632 /* Model */,
				E1434006283FD6A30007680B /* Utils */,
				E112DC892858FC19005D7930 /* Resource */,
				E13D2470283BDFE90088E632 /* Shortcut_ListApp.swift */,
				E13D2472283BDFE90088E632 /* ContentView.swift */,
				E13D2474283BDFEA0088E632 /* Assets.xcassets */,
				E152D14928885DB00043D6B8 /* Color.xcassets */,
				E13D2476283BDFEA0088E632 /* Preview Content */,
			);
			path = "Shortcut-List";
			sourceTree = "<group>";
		};
		E13D2476283BDFEA0088E632 /* Preview Content */ = {
			isa = PBXGroup;
			children = (
				E13D2477283BDFEA0088E632 /* Preview Assets.xcassets */,
			);
			path = "Preview Content";
			sourceTree = "<group>";
		};
		E13D247E283BE14B0088E632 /* View */ = {
			isa = PBXGroup;
			children = (
				E13D2482283BE1EA0088E632 /* MainView.swift */,
				E13D248C283BE5DA0088E632 /* MainViewRow.swift */,
				E1433FF7283D47310007680B /* ListDetailView.swift */,
				E1433FF9283D473E0007680B /* ListDetailViewRow.swift */,
				E13D2490283C567C0088E632 /* CreateListView.swift */,
				E13D2494283D1A280088E632 /* CreateListViewRow.swift */,
				E143400B283FDEB10007680B /* CreateListViewPresentedButton.swift */,
				E1433FFF283E898D0007680B /* SelectAppView.swift */,
				E1434001283E89A30007680B /* SelectAppViewRow.swift */,
				E13D248E283BE5EF0088E632 /* SelectAppViewPresentedButton.swift */,
				E1FBBD5A288FB44E00053659 /* AppRunErrorHelpView.swift */,
				E1FBBD5C288FB46E00053659 /* CreateURLHelpView.swift */,
				E1FBBD5E288FB47C00053659 /* CreateURLView.swift */,
				E1FBBD60288FB48700053659 /* HelpView.swift */,
			);
			path = View;
			sourceTree = "<group>";
		};
		E13D2480283BE15F0088E632 /* ViewModel */ = {
			isa = PBXGroup;
			children = (
				E13D2484283BE2210088E632 /* MainViewModel.swift */,
				E13D2492283C568D0088E632 /* CreateListViewModel.swift */,
				E1433FFB283D47590007680B /* ListDetailViewModel.swift */,
				E1434003283E89B70007680B /* SelectAppViewModel.swift */,
				E1FBBD62288FB4A200053659 /* CreateURLViewModel.swift */,
			);
			path = ViewModel;
			sourceTree = "<group>";
		};
		E13D2481283BE1690088E632 /* Model */ = {
			isa = PBXGroup;
			children = (
				E13D2486283BE2500088E632 /* ApplicationURL.swift */,
				E13D2488283BE2780088E632 /* Data.swift */,
				E13D248A283BE29A0088E632 /* ShortcutList.swift */,
			);
			path = Model;
			sourceTree = "<group>";
		};
		E1434006283FD6A30007680B /* Utils */ = {
			isa = PBXGroup;
			children = (
				E1434009283FD7200007680B /* Extension.swift */,
				E112DC852858E235005D7930 /* ResourceManager.swift */,
				E124BA0F286CB3D30090C27A /* RealmManager.swift */,
				E1FBBD64288FB4BA00053659 /* Wrapper.swift */,
			);
			path = Utils;
			sourceTree = "<group>";
		};
/* End PBXGroup section */

/* Begin PBXNativeTarget section */
		E13D246C283BDFE90088E632 /* Shortcut-List */ = {
			isa = PBXNativeTarget;
			buildConfigurationList = E13D247B283BDFEA0088E632 /* Build configuration list for PBXNativeTarget "Shortcut-List" */;
			buildPhases = (
				BCC64DAC076C767C0347E1DA /* [CP] Check Pods Manifest.lock */,
				E13D2469283BDFE90088E632 /* Sources */,
				E13D246A283BDFE90088E632 /* Frameworks */,
				E13D246B283BDFE90088E632 /* Resources */,
				0BAFD54E97BCC7059714FCC0 /* [CP] Embed Pods Frameworks */,
			);
			buildRules = (
			);
			dependencies = (
			);
			name = "Shortcut-List";
			productName = "Shortcut-List";
			productReference = E13D246D283BDFE90088E632 /* Shortcut-List.app */;
			productType = "com.apple.product-type.application";
		};
/* End PBXNativeTarget section */

/* Begin PBXProject section */
		E13D2465283BDFE90088E632 /* Project object */ = {
			isa = PBXProject;
			attributes = {
				BuildIndependentTargetsInParallel = 1;
				LastSwiftUpdateCheck = 1340;
				LastUpgradeCheck = 1340;
				TargetAttributes = {
					E13D246C283BDFE90088E632 = {
						CreatedOnToolsVersion = 13.4;
					};
				};
			};
			buildConfigurationList = E13D2468283BDFE90088E632 /* Build configuration list for PBXProject "Shortcut-List" */;
			compatibilityVersion = "Xcode 13.0";
			developmentRegion = en;
			hasScannedForEncodings = 0;
			knownRegions = (
				en,
				Base,
			);
			mainGroup = E13D2464283BDFE90088E632;
			productRefGroup = E13D246E283BDFE90088E632 /* Products */;
			projectDirPath = "";
			projectRoot = "";
			targets = (
				E13D246C283BDFE90088E632 /* Shortcut-List */,
			);
		};
/* End PBXProject section */

/* Begin PBXResourcesBuildPhase section */
		E13D246B283BDFE90088E632 /* Resources */ = {
			isa = PBXResourcesBuildPhase;
			buildActionMask = 2147483647;
			files = (
				E13D2478283BDFEA0088E632 /* Preview Assets.xcassets in Resources */,
				E152D14A28885DB00043D6B8 /* Color.xcassets in Resources */,
				E112DC882858FB61005D7930 /* applicationinfomation.json in Resources */,
				E13D2475283BDFEA0088E632 /* Assets.xcassets in Resources */,
			);
			runOnlyForDeploymentPostprocessing = 0;
		};
/* End PBXResourcesBuildPhase section */

/* Begin PBXShellScriptBuildPhase section */
		0BAFD54E97BCC7059714FCC0 /* [CP] Embed Pods Frameworks */ = {
			isa = PBXShellScriptBuildPhase;
			buildActionMask = 2147483647;
			files = (
			);
			inputFileListPaths = (
				"${PODS_ROOT}/Target Support Files/Pods-Shortcut-List/Pods-Shortcut-List-frameworks-${CONFIGURATION}-input-files.xcfilelist",
			);
			name = "[CP] Embed Pods Frameworks";
			outputFileListPaths = (
				"${PODS_ROOT}/Target Support Files/Pods-Shortcut-List/Pods-Shortcut-List-frameworks-${CONFIGURATION}-output-files.xcfilelist",
			);
			runOnlyForDeploymentPostprocessing = 0;
			shellPath = /bin/sh;
			shellScript = "\"${PODS_ROOT}/Target Support Files/Pods-Shortcut-List/Pods-Shortcut-List-frameworks.sh\"\n";
			showEnvVarsInLog = 0;
		};
		BCC64DAC076C767C0347E1DA /* [CP] Check Pods Manifest.lock */ = {
			isa = PBXShellScriptBuildPhase;
			buildActionMask = 2147483647;
			files = (
			);
			inputFileListPaths = (
			);
			inputPaths = (
				"${PODS_PODFILE_DIR_PATH}/Podfile.lock",
				"${PODS_ROOT}/Manifest.lock",
			);
			name = "[CP] Check Pods Manifest.lock";
			outputFileListPaths = (
			);
			outputPaths = (
				"$(DERIVED_FILE_DIR)/Pods-Shortcut-List-checkManifestLockResult.txt",
			);
			runOnlyForDeploymentPostprocessing = 0;
			shellPath = /bin/sh;
			shellScript = "diff \"${PODS_PODFILE_DIR_PATH}/Podfile.lock\" \"${PODS_ROOT}/Manifest.lock\" > /dev/null\nif [ $? != 0 ] ; then\n    # print error to STDERR\n    echo \"error: The sandbox is not in sync with the Podfile.lock. Run 'pod install' or update your CocoaPods installation.\" >&2\n    exit 1\nfi\n# This output is used by Xcode 'outputs' to avoid re-running this script phase.\necho \"SUCCESS\" > \"${SCRIPT_OUTPUT_FILE_0}\"\n";
			showEnvVarsInLog = 0;
		};
/* End PBXShellScriptBuildPhase section */

/* Begin PBXSourcesBuildPhase section */
		E13D2469283BDFE90088E632 /* Sources */ = {
			isa = PBXSourcesBuildPhase;
			buildActionMask = 2147483647;
			files = (
				E13D2473283BDFE90088E632 /* ContentView.swift in Sources */,
				E13D2493283C568D0088E632 /* CreateListViewModel.swift in Sources */,
				E1434004283E89B70007680B /* SelectAppViewModel.swift in Sources */,
				E13D2489283BE2780088E632 /* Data.swift in Sources */,
				E1FBBD5B288FB44E00053659 /* AppRunErrorHelpView.swift in Sources */,
				E1FBBD63288FB4A200053659 /* CreateURLViewModel.swift in Sources */,
				E13D2491283C567C0088E632 /* CreateListView.swift in Sources */,
				E13D248F283BE5EF0088E632 /* SelectAppViewPresentedButton.swift in Sources */,
				E1FBBD5F288FB47C00053659 /* CreateURLView.swift in Sources */,
				E1433FFA283D473E0007680B /* ListDetailViewRow.swift in Sources */,
				E13D2495283D1A280088E632 /* CreateListViewRow.swift in Sources */,
				E1FBBD65288FB4BA00053659 /* Wrapper.swift in Sources */,
				E13D2483283BE1EA0088E632 /* MainView.swift in Sources */,
				E13D248B283BE29A0088E632 /* ShortcutList.swift in Sources */,
				E112DC862858E235005D7930 /* ResourceManager.swift in Sources */,
				E13D248D283BE5DA0088E632 /* MainViewRow.swift in Sources */,
				E1FBBD5D288FB46E00053659 /* CreateURLHelpView.swift in Sources */,
				E1434000283E898D0007680B /* SelectAppView.swift in Sources */,
				E124BA10286CB3D30090C27A /* RealmManager.swift in Sources */,
				E1FBBD61288FB48700053659 /* HelpView.swift in Sources */,
				E1FBBD67288FB4F800053659 /* CustomButtonStyle.swift in Sources */,
				E13D2487283BE2500088E632 /* ApplicationURL.swift in Sources */,
				E13D2471283BDFE90088E632 /* Shortcut_ListApp.swift in Sources */,
				E143400C283FDEB10007680B /* CreateListViewPresentedButton.swift in Sources */,
				E152D14C28886A890043D6B8 /* CustomUnderLine.swift in Sources */,
				E13D2485283BE2210088E632 /* MainViewModel.swift in Sources */,
				E143400A283FD7200007680B /* Extension.swift in Sources */,
				E1433FF8283D47310007680B /* ListDetailView.swift in Sources */,
				E152D14E2888BD190043D6B8 /* NeumorphicStyle.swift in Sources */,
				E1434002283E89A30007680B /* SelectAppViewRow.swift in Sources */,
				E1433FFC283D47590007680B /* ListDetailViewModel.swift in Sources */,
			);
			runOnlyForDeploymentPostprocessing = 0;
		};
/* End PBXSourcesBuildPhase section */

/* Begin XCBuildConfiguration section */
		E13D2479283BDFEA0088E632 /* Debug */ = {
			isa = XCBuildConfiguration;
			buildSettings = {
				ALWAYS_SEARCH_USER_PATHS = NO;
				CLANG_ANALYZER_NONNULL = YES;
				CLANG_ANALYZER_NUMBER_OBJECT_CONVERSION = YES_AGGRESSIVE;
				CLANG_CXX_LANGUAGE_STANDARD = "gnu++17";
				CLANG_ENABLE_MODULES = YES;
				CLANG_ENABLE_OBJC_ARC = YES;
				CLANG_ENABLE_OBJC_WEAK = YES;
				CLANG_WARN_BLOCK_CAPTURE_AUTORELEASING = YES;
				CLANG_WARN_BOOL_CONVERSION = YES;
				CLANG_WARN_COMMA = YES;
				CLANG_WARN_CONSTANT_CONVERSION = YES;
				CLANG_WARN_DEPRECATED_OBJC_IMPLEMENTATIONS = YES;
				CLANG_WARN_DIRECT_OBJC_ISA_USAGE = YES_ERROR;
				CLANG_WARN_DOCUMENTATION_COMMENTS = YES;
				CLANG_WARN_EMPTY_BODY = YES;
				CLANG_WARN_ENUM_CONVERSION = YES;
				CLANG_WARN_INFINITE_RECURSION = YES;
				CLANG_WARN_INT_CONVERSION = YES;
				CLANG_WARN_NON_LITERAL_NULL_CONVERSION = YES;
				CLANG_WARN_OBJC_IMPLICIT_RETAIN_SELF = YES;
				CLANG_WARN_OBJC_LITERAL_CONVERSION = YES;
				CLANG_WARN_OBJC_ROOT_CLASS = YES_ERROR;
				CLANG_WARN_QUOTED_INCLUDE_IN_FRAMEWORK_HEADER = YES;
				CLANG_WARN_RANGE_LOOP_ANALYSIS = YES;
				CLANG_WARN_STRICT_PROTOTYPES = YES;
				CLANG_WARN_SUSPICIOUS_MOVE = YES;
				CLANG_WARN_UNGUARDED_AVAILABILITY = YES_AGGRESSIVE;
				CLANG_WARN_UNREACHABLE_CODE = YES;
				CLANG_WARN__DUPLICATE_METHOD_MATCH = YES;
				COPY_PHASE_STRIP = NO;
				DEBUG_INFORMATION_FORMAT = dwarf;
				ENABLE_STRICT_OBJC_MSGSEND = YES;
				ENABLE_TESTABILITY = YES;
				GCC_C_LANGUAGE_STANDARD = gnu11;
				GCC_DYNAMIC_NO_PIC = NO;
				GCC_NO_COMMON_BLOCKS = YES;
				GCC_OPTIMIZATION_LEVEL = 0;
				GCC_PREPROCESSOR_DEFINITIONS = (
					"DEBUG=1",
					"$(inherited)",
				);
				GCC_WARN_64_TO_32_BIT_CONVERSION = YES;
				GCC_WARN_ABOUT_RETURN_TYPE = YES_ERROR;
				GCC_WARN_UNDECLARED_SELECTOR = YES;
				GCC_WARN_UNINITIALIZED_AUTOS = YES_AGGRESSIVE;
				GCC_WARN_UNUSED_FUNCTION = YES;
				GCC_WARN_UNUSED_VARIABLE = YES;
				IPHONEOS_DEPLOYMENT_TARGET = 15.5;
				MTL_ENABLE_DEBUG_INFO = INCLUDE_SOURCE;
				MTL_FAST_MATH = YES;
				ONLY_ACTIVE_ARCH = YES;
				SDKROOT = iphoneos;
				SWIFT_ACTIVE_COMPILATION_CONDITIONS = DEBUG;
				SWIFT_OPTIMIZATION_LEVEL = "-Onone";
			};
			name = Debug;
		};
		E13D247A283BDFEA0088E632 /* Release */ = {
			isa = XCBuildConfiguration;
			buildSettings = {
				ALWAYS_SEARCH_USER_PATHS = NO;
				CLANG_ANALYZER_NONNULL = YES;
				CLANG_ANALYZER_NUMBER_OBJECT_CONVERSION = YES_AGGRESSIVE;
				CLANG_CXX_LANGUAGE_STANDARD = "gnu++17";
				CLANG_ENABLE_MODULES = YES;
				CLANG_ENABLE_OBJC_ARC = YES;
				CLANG_ENABLE_OBJC_WEAK = YES;
				CLANG_WARN_BLOCK_CAPTURE_AUTORELEASING = YES;
				CLANG_WARN_BOOL_CONVERSION = YES;
				CLANG_WARN_COMMA = YES;
				CLANG_WARN_CONSTANT_CONVERSION = YES;
				CLANG_WARN_DEPRECATED_OBJC_IMPLEMENTATIONS = YES;
				CLANG_WARN_DIRECT_OBJC_ISA_USAGE = YES_ERROR;
				CLANG_WARN_DOCUMENTATION_COMMENTS = YES;
				CLANG_WARN_EMPTY_BODY = YES;
				CLANG_WARN_ENUM_CONVERSION = YES;
				CLANG_WARN_INFINITE_RECURSION = YES;
				CLANG_WARN_INT_CONVERSION = YES;
				CLANG_WARN_NON_LITERAL_NULL_CONVERSION = YES;
				CLANG_WARN_OBJC_IMPLICIT_RETAIN_SELF = YES;
				CLANG_WARN_OBJC_LITERAL_CONVERSION = YES;
				CLANG_WARN_OBJC_ROOT_CLASS = YES_ERROR;
				CLANG_WARN_QUOTED_INCLUDE_IN_FRAMEWORK_HEADER = YES;
				CLANG_WARN_RANGE_LOOP_ANALYSIS = YES;
				CLANG_WARN_STRICT_PROTOTYPES = YES;
				CLANG_WARN_SUSPICIOUS_MOVE = YES;
				CLANG_WARN_UNGUARDED_AVAILABILITY = YES_AGGRESSIVE;
				CLANG_WARN_UNREACHABLE_CODE = YES;
				CLANG_WARN__DUPLICATE_METHOD_MATCH = YES;
				COPY_PHASE_STRIP = NO;
				DEBUG_INFORMATION_FORMAT = "dwarf-with-dsym";
				ENABLE_NS_ASSERTIONS = NO;
				ENABLE_STRICT_OBJC_MSGSEND = YES;
				GCC_C_LANGUAGE_STANDARD = gnu11;
				GCC_NO_COMMON_BLOCKS = YES;
				GCC_WARN_64_TO_32_BIT_CONVERSION = YES;
				GCC_WARN_ABOUT_RETURN_TYPE = YES_ERROR;
				GCC_WARN_UNDECLARED_SELECTOR = YES;
				GCC_WARN_UNINITIALIZED_AUTOS = YES_AGGRESSIVE;
				GCC_WARN_UNUSED_FUNCTION = YES;
				GCC_WARN_UNUSED_VARIABLE = YES;
				IPHONEOS_DEPLOYMENT_TARGET = 15.5;
				MTL_ENABLE_DEBUG_INFO = NO;
				MTL_FAST_MATH = YES;
				SDKROOT = iphoneos;
				SWIFT_COMPILATION_MODE = wholemodule;
				SWIFT_OPTIMIZATION_LEVEL = "-O";
				VALIDATE_PRODUCT = YES;
			};
			name = Release;
		};
		E13D247C283BDFEA0088E632 /* Debug */ = {
			isa = XCBuildConfiguration;
			baseConfigurationReference = 1FF276C7B7E73C6C1DA1C74A /* Pods-Shortcut-List.debug.xcconfig */;
			buildSettings = {
				ASSETCATALOG_COMPILER_APPICON_NAME = AppIcon;
				ASSETCATALOG_COMPILER_GLOBAL_ACCENT_COLOR_NAME = AccentColor;
				CODE_SIGN_STYLE = Automatic;
				CURRENT_PROJECT_VERSION = 1;
				DEVELOPMENT_ASSET_PATHS = "\"Shortcut-List/Preview Content\"";
				DEVELOPMENT_TEAM = 52FPZ2M6AZ;
				ENABLE_PREVIEWS = YES;
				GENERATE_INFOPLIST_FILE = YES;
				INFOPLIST_FILE = "Shortcut-List/Info.plist";
				INFOPLIST_KEY_UIApplicationSceneManifest_Generation = YES;
				INFOPLIST_KEY_UIApplicationSupportsIndirectInputEvents = YES;
				INFOPLIST_KEY_UILaunchScreen_Generation = YES;
				INFOPLIST_KEY_UISupportedInterfaceOrientations_iPad = "UIInterfaceOrientationPortrait UIInterfaceOrientationPortraitUpsideDown UIInterfaceOrientationLandscapeLeft UIInterfaceOrientationLandscapeRight";
				INFOPLIST_KEY_UISupportedInterfaceOrientations_iPhone = "UIInterfaceOrientationPortrait UIInterfaceOrientationLandscapeLeft UIInterfaceOrientationLandscapeRight";
				LD_RUNPATH_SEARCH_PATHS = (
					"$(inherited)",
					"@executable_path/Frameworks",
				);
				MARKETING_VERSION = 1.0;
				PRODUCT_BUNDLE_IDENTIFIER = "com.takumi.sakai.dev.Shortcut-List";
				PRODUCT_NAME = "$(TARGET_NAME)";
				SWIFT_EMIT_LOC_STRINGS = YES;
				SWIFT_VERSION = 5.0;
				TARGETED_DEVICE_FAMILY = "1,2";
			};
			name = Debug;
		};
		E13D247D283BDFEA0088E632 /* Release */ = {
			isa = XCBuildConfiguration;
			baseConfigurationReference = 4BA3B09ED7642882F9D7FEAC /* Pods-Shortcut-List.release.xcconfig */;
			buildSettings = {
				ASSETCATALOG_COMPILER_APPICON_NAME = AppIcon;
				ASSETCATALOG_COMPILER_GLOBAL_ACCENT_COLOR_NAME = AccentColor;
				CODE_SIGN_STYLE = Automatic;
				CURRENT_PROJECT_VERSION = 1;
				DEVELOPMENT_ASSET_PATHS = "\"Shortcut-List/Preview Content\"";
				DEVELOPMENT_TEAM = 52FPZ2M6AZ;
				ENABLE_PREVIEWS = YES;
				GENERATE_INFOPLIST_FILE = YES;
				INFOPLIST_FILE = "Shortcut-List/Info.plist";
				INFOPLIST_KEY_UIApplicationSceneManifest_Generation = YES;
				INFOPLIST_KEY_UIApplicationSupportsIndirectInputEvents = YES;
				INFOPLIST_KEY_UILaunchScreen_Generation = YES;
				INFOPLIST_KEY_UISupportedInterfaceOrientations_iPad = "UIInterfaceOrientationPortrait UIInterfaceOrientationPortraitUpsideDown UIInterfaceOrientationLandscapeLeft UIInterfaceOrientationLandscapeRight";
				INFOPLIST_KEY_UISupportedInterfaceOrientations_iPhone = "UIInterfaceOrientationPortrait UIInterfaceOrientationLandscapeLeft UIInterfaceOrientationLandscapeRight";
				LD_RUNPATH_SEARCH_PATHS = (
					"$(inherited)",
					"@executable_path/Frameworks",
				);
				MARKETING_VERSION = 1.0;
				PRODUCT_BUNDLE_IDENTIFIER = "com.takumi.sakai.dev.Shortcut-List";
				PRODUCT_NAME = "$(TARGET_NAME)";
				SWIFT_EMIT_LOC_STRINGS = YES;
				SWIFT_VERSION = 5.0;
				TARGETED_DEVICE_FAMILY = "1,2";
			};
			name = Release;
		};
/* End XCBuildConfiguration section */

/* Begin XCConfigurationList section */
		E13D2468283BDFE90088E632 /* Build configuration list for PBXProject "Shortcut-List" */ = {
			isa = XCConfigurationList;
			buildConfigurations = (
				E13D2479283BDFEA0088E632 /* Debug */,
				E13D247A283BDFEA0088E632 /* Release */,
			);
			defaultConfigurationIsVisible = 0;
			defaultConfigurationName = Release;
		};
		E13D247B283BDFEA0088E632 /* Build configuration list for PBXNativeTarget "Shortcut-List" */ = {
			isa = XCConfigurationList;
			buildConfigurations = (
				E13D247C283BDFEA0088E632 /* Debug */,
				E13D247D283BDFEA0088E632 /* Release */,
			);
			defaultConfigurationIsVisible = 0;
			defaultConfigurationName = Release;
		};
/* End XCConfigurationList section */
	};
	rootObject = E13D2465283BDFE90088E632 /* Project object */;
}
